
Microsoft Visual Studio Solution File, Format Version 12.00
# Visual Studio Version 17
VisualStudioVersion = 17.1.32421.90
MinimumVisualStudioVersion = 10.0.40219.1
Project("{FAE04EC0-301F-11D3-BF4B-00C04F79EFBC}") = "IP", "IP\IP.csproj", "{428A0790-0D8F-4A07-95D2-895A85F24A42}"
EndProject
Global
	GlobalSection(SolutionConfigurationPlatforms) = preSolution
		Debug|Any CPU = Debug|Any CPU
		Release|Any CPU = Release|Any CPU
	EndGlobalSection
	GlobalSection(ProjectConfigurationPlatforms) = postSolution
		{428A0790-0D8F-4A07-95D2-895A85F24A42}.Debug|Any CPU.ActiveCfg = Debug|Any CPU
		{428A0790-0D8F-4A07-95D2-895A85F24A42}.Debug|Any CPU.Build.0 = Debug|Any CPU
		{428A0790-0D8F-4A07-95D2-895A85F24A42}.Release|Any CPU.ActiveCfg = Release|Any CPU
		{428A0790-0D8F-4A07-95D2-895A85F24A42}.Release|Any CPU.Build.0 = Release|Any CPU
	EndGlobalSection
	GlobalSection(SolutionProperties) = preSolution
		HideSolutionNode = FALSE
	EndGlobalSection
	GlobalSection(ExtensibilityGlobals) = postSolution
		SolutionGuid = {A75CFC5E-16E8-4F8C-A194-CB2FEAC62FD4}
	EndGlobalSection
EndGlobal
